
Microsoft Visual Studio Solution File, Format Version 12.00
# Visual Studio Version 17
VisualStudioVersion = 17.8.34316.72
MinimumVisualStudioVersion = 10.0.40219.1
Project("{2150E333-8FDC-42A3-9474-1A3956D46DE8}") = "Services", "Services", "{B770EC51-AD38-4098-B38E-8AC6AEB91548}"
EndProject
Project("{2150E333-8FDC-42A3-9474-1A3956D46DE8}") = "WebApps", "WebApps", "{D8F9D081-8283-4174-9635-E5C7881C0F77}"
EndProject
Project("{2150E333-8FDC-42A3-9474-1A3956D46DE8}") = "Registrations", "Registrations", "{6F218565-32A9-4013-BDAA-FE9758DBA881}"
EndProject
Project("{2150E333-8FDC-42A3-9474-1A3956D46DE8}") = "Catalog", "Catalog", "{EA8884F2-2987-4C0D-AB99-BD8BFE7EAA61}"
EndProject
Project("{2150E333-8FDC-42A3-9474-1A3956D46DE8}") = "Core", "Core", "{5AFD9652-D861-483B-AD9A-5F301B4F8C2D}"
EndProject
Project("{2150E333-8FDC-42A3-9474-1A3956D46DE8}") = "Fiscal", "Fiscal", "{AFFD7E90-E5BF-48EA-AD37-0B6235DBC078}"
EndProject
Project("{2150E333-8FDC-42A3-9474-1A3956D46DE8}") = "Payments", "Payments", "{4BA1377B-1CFA-4D53-83B0-FC0981F3FF3D}"
EndProject
Project("{2150E333-8FDC-42A3-9474-1A3956D46DE8}") = "Sales", "Sales", "{1412B0FF-DC58-4C02-A8C2-173952170E8E}"
EndProject
Project("{9A19103F-16F7-4668-BE54-9A1E7A4F7556}") = "NiceStore.Core", "src\NiceStore.Core\NiceStore.Core.csproj", "{E83877CA-73B0-4A2D-A530-D3A3528D2D4C}"
EndProject
Project("{9A19103F-16F7-4668-BE54-9A1E7A4F7556}") = "NiceStore.Catalog.Domain", "src\NiceStore.Catalogo.Domain\NiceStore.Catalog.Domain.csproj", "{5A81EEDD-B500-4A38-8134-4F520BB9C0D2}"
EndProject
Project("{9A19103F-16F7-4668-BE54-9A1E7A4F7556}") = "NiceStore.Catalog.Data", "src\NiceStore.Catalog.Data\NiceStore.Catalog.Data.csproj", "{DEC63B44-07C2-4CEF-8AB7-BD85C89C90CF}"
EndProject
Project("{9A19103F-16F7-4668-BE54-9A1E7A4F7556}") = "NiceStore.Catalog.Application", "src\NiceStore.Catalog.Application\NiceStore.Catalog.Application.csproj", "{43FB170A-AE02-4F9D-86A0-19F3453B553C}"
EndProject
Project("{9A19103F-16F7-4668-BE54-9A1E7A4F7556}") = "NiceStore.WebApp.MVC", "src\NiceStore.WebApp.MVC\NiceStore.WebApp.MVC.csproj", "{BDB8B2A1-CD50-4ABE-8D98-DB5E37FDF3B0}"
EndProject
Project("{FAE04EC0-301F-11D3-BF4B-00C04F79EFBC}") = "NiceStore.Payments.Domain", "src\NiceStore.Payments.Domain\NiceStore.Payments.Domain.csproj", "{D353B83A-D34C-4A30-B76D-10134A36CA91}"
EndProject
Global
	GlobalSection(SolutionConfigurationPlatforms) = preSolution
		Debug|Any CPU = Debug|Any CPU
		Release|Any CPU = Release|Any CPU
	EndGlobalSection
	GlobalSection(ProjectConfigurationPlatforms) = postSolution
		{E83877CA-73B0-4A2D-A530-D3A3528D2D4C}.Debug|Any CPU.ActiveCfg = Debug|Any CPU
		{E83877CA-73B0-4A2D-A530-D3A3528D2D4C}.Debug|Any CPU.Build.0 = Debug|Any CPU
		{E83877CA-73B0-4A2D-A530-D3A3528D2D4C}.Release|Any CPU.ActiveCfg = Release|Any CPU
		{E83877CA-73B0-4A2D-A530-D3A3528D2D4C}.Release|Any CPU.Build.0 = Release|Any CPU
		{5A81EEDD-B500-4A38-8134-4F520BB9C0D2}.Debug|Any CPU.ActiveCfg = Debug|Any CPU
		{5A81EEDD-B500-4A38-8134-4F520BB9C0D2}.Debug|Any CPU.Build.0 = Debug|Any CPU
		{5A81EEDD-B500-4A38-8134-4F520BB9C0D2}.Release|Any CPU.ActiveCfg = Release|Any CPU
		{5A81EEDD-B500-4A38-8134-4F520BB9C0D2}.Release|Any CPU.Build.0 = Release|Any CPU
		{DEC63B44-07C2-4CEF-8AB7-BD85C89C90CF}.Debug|Any CPU.ActiveCfg = Debug|Any CPU
		{DEC63B44-07C2-4CEF-8AB7-BD85C89C90CF}.Debug|Any CPU.Build.0 = Debug|Any CPU
		{DEC63B44-07C2-4CEF-8AB7-BD85C89C90CF}.Release|Any CPU.ActiveCfg = Release|Any CPU
		{DEC63B44-07C2-4CEF-8AB7-BD85C89C90CF}.Release|Any CPU.Build.0 = Release|Any CPU
		{43FB170A-AE02-4F9D-86A0-19F3453B553C}.Debug|Any CPU.ActiveCfg = Debug|Any CPU
		{43FB170A-AE02-4F9D-86A0-19F3453B553C}.Debug|Any CPU.Build.0 = Debug|Any CPU
		{43FB170A-AE02-4F9D-86A0-19F3453B553C}.Release|Any CPU.ActiveCfg = Release|Any CPU
		{43FB170A-AE02-4F9D-86A0-19F3453B553C}.Release|Any CPU.Build.0 = Release|Any CPU
		{BDB8B2A1-CD50-4ABE-8D98-DB5E37FDF3B0}.Debug|Any CPU.ActiveCfg = Debug|Any CPU
		{BDB8B2A1-CD50-4ABE-8D98-DB5E37FDF3B0}.Debug|Any CPU.Build.0 = Debug|Any CPU
		{BDB8B2A1-CD50-4ABE-8D98-DB5E37FDF3B0}.Release|Any CPU.ActiveCfg = Release|Any CPU
		{BDB8B2A1-CD50-4ABE-8D98-DB5E37FDF3B0}.Release|Any CPU.Build.0 = Release|Any CPU
		{D353B83A-D34C-4A30-B76D-10134A36CA91}.Debug|Any CPU.ActiveCfg = Debug|Any CPU
		{D353B83A-D34C-4A30-B76D-10134A36CA91}.Debug|Any CPU.Build.0 = Debug|Any CPU
		{D353B83A-D34C-4A30-B76D-10134A36CA91}.Release|Any CPU.ActiveCfg = Release|Any CPU
		{D353B83A-D34C-4A30-B76D-10134A36CA91}.Release|Any CPU.Build.0 = Release|Any CPU
	EndGlobalSection
	GlobalSection(SolutionProperties) = preSolution
		HideSolutionNode = FALSE
	EndGlobalSection
	GlobalSection(NestedProjects) = preSolution
		{6F218565-32A9-4013-BDAA-FE9758DBA881} = {B770EC51-AD38-4098-B38E-8AC6AEB91548}
		{EA8884F2-2987-4C0D-AB99-BD8BFE7EAA61} = {B770EC51-AD38-4098-B38E-8AC6AEB91548}
		{5AFD9652-D861-483B-AD9A-5F301B4F8C2D} = {B770EC51-AD38-4098-B38E-8AC6AEB91548}
		{AFFD7E90-E5BF-48EA-AD37-0B6235DBC078} = {B770EC51-AD38-4098-B38E-8AC6AEB91548}
		{4BA1377B-1CFA-4D53-83B0-FC0981F3FF3D} = {B770EC51-AD38-4098-B38E-8AC6AEB91548}
		{1412B0FF-DC58-4C02-A8C2-173952170E8E} = {B770EC51-AD38-4098-B38E-8AC6AEB91548}
		{E83877CA-73B0-4A2D-A530-D3A3528D2D4C} = {5AFD9652-D861-483B-AD9A-5F301B4F8C2D}
		{5A81EEDD-B500-4A38-8134-4F520BB9C0D2} = {EA8884F2-2987-4C0D-AB99-BD8BFE7EAA61}
		{DEC63B44-07C2-4CEF-8AB7-BD85C89C90CF} = {EA8884F2-2987-4C0D-AB99-BD8BFE7EAA61}
		{43FB170A-AE02-4F9D-86A0-19F3453B553C} = {EA8884F2-2987-4C0D-AB99-BD8BFE7EAA61}
		{BDB8B2A1-CD50-4ABE-8D98-DB5E37FDF3B0} = {D8F9D081-8283-4174-9635-E5C7881C0F77}
		{D353B83A-D34C-4A30-B76D-10134A36CA91} = {4BA1377B-1CFA-4D53-83B0-FC0981F3FF3D}
	EndGlobalSection
	GlobalSection(ExtensibilityGlobals) = postSolution
		SolutionGuid = {154DB659-F8CD-42C1-9338-8F50F362D7FC}
	EndGlobalSection
EndGlobal
